
Microsoft Visual Studio Solution File, Format Version 12.00
# Visual Studio Version 17
VisualStudioVersion = 17.12.35707.178 d17.12
MinimumVisualStudioVersion = 10.0.40219.1
Project("{FAE04EC0-301F-11D3-BF4B-00C04F79EFBC}") = "Fundraising System.Infrastructure", "Fundraising System.Infrastructure\Fundraising System.Infrastructure.csproj", "{56164A7F-C2A9-4C21-BF56-7B73565B0FA9}"
EndProject
Project("{FAE04EC0-301F-11D3-BF4B-00C04F79EFBC}") = "Fundraising System.Application", "Fundraising System.Application\Fundraising System.Application.csproj", "{12030373-C24B-4093-81E2-E1211231CFA9}"
EndProject
Project("{FAE04EC0-301F-11D3-BF4B-00C04F79EFBC}") = "Fundraising System.Domain", "Fundraising System.Domain\Fundraising System.Domain.csproj", "{55302D32-1331-4036-855F-83E9734C938B}"
EndProject
Project("{FAE04EC0-301F-11D3-BF4B-00C04F79EFBC}") = "Fundraising System.Api", "Fundraising System.Api\Fundraising System.Api.csproj", "{F5C9F367-A6D8-4055-9374-B3020BAC63A2}"
EndProject
Global
	GlobalSection(SolutionConfigurationPlatforms) = preSolution
		Debug|Any CPU = Debug|Any CPU
		Release|Any CPU = Release|Any CPU
	EndGlobalSection
	GlobalSection(ProjectConfigurationPlatforms) = postSolution
		{56164A7F-C2A9-4C21-BF56-7B73565B0FA9}.Debug|Any CPU.ActiveCfg = Debug|Any CPU
		{56164A7F-C2A9-4C21-BF56-7B73565B0FA9}.Debug|Any CPU.Build.0 = Debug|Any CPU
		{56164A7F-C2A9-4C21-BF56-7B73565B0FA9}.Release|Any CPU.ActiveCfg = Release|Any CPU
		{56164A7F-C2A9-4C21-BF56-7B73565B0FA9}.Release|Any CPU.Build.0 = Release|Any CPU
		{12030373-C24B-4093-81E2-E1211231CFA9}.Debug|Any CPU.ActiveCfg = Debug|Any CPU
		{12030373-C24B-4093-81E2-E1211231CFA9}.Debug|Any CPU.Build.0 = Debug|Any CPU
		{12030373-C24B-4093-81E2-E1211231CFA9}.Release|Any CPU.ActiveCfg = Release|Any CPU
		{12030373-C24B-4093-81E2-E1211231CFA9}.Release|Any CPU.Build.0 = Release|Any CPU
		{55302D32-1331-4036-855F-83E9734C938B}.Debug|Any CPU.ActiveCfg = Debug|Any CPU
		{55302D32-1331-4036-855F-83E9734C938B}.Debug|Any CPU.Build.0 = Debug|Any CPU
		{55302D32-1331-4036-855F-83E9734C938B}.Release|Any CPU.ActiveCfg = Release|Any CPU
		{55302D32-1331-4036-855F-83E9734C938B}.Release|Any CPU.Build.0 = Release|Any CPU
		{F5C9F367-A6D8-4055-9374-B3020BAC63A2}.Debug|Any CPU.ActiveCfg = Debug|Any CPU
		{F5C9F367-A6D8-4055-9374-B3020BAC63A2}.Debug|Any CPU.Build.0 = Debug|Any CPU
		{F5C9F367-A6D8-4055-9374-B3020BAC63A2}.Release|Any CPU.ActiveCfg = Release|Any CPU
		{F5C9F367-A6D8-4055-9374-B3020BAC63A2}.Release|Any CPU.Build.0 = Release|Any CPU
	EndGlobalSection
	GlobalSection(SolutionProperties) = preSolution
		HideSolutionNode = FALSE
	EndGlobalSection
EndGlobal
